
Microsoft Visual Studio Solution File, Format Version 12.00
# Visual Studio 15
Project("{FAE04EC0-301F-11D3-BF4B-00C04F79EFBC}") = "Assembly-CSharp-firstpass", "Assembly-CSharp-firstpass.csproj", "{A7CF02B2-3041-9FC5-5A97-00E6CD4F13B5}"
EndProject
Project("{FAE04EC0-301F-11D3-BF4B-00C04F79EFBC}") = "Assembly-CSharp-Editor-firstpass", "Assembly-CSharp-Editor-firstpass.csproj", "{2BDCBC49-0BB9-5820-D2CE-85FA334FF9FB}"
EndProject
Global
	GlobalSection(SolutionConfigurationPlatforms) = preSolution
		Debug|Any CPU = Debug|Any CPU
		Release|Any CPU = Release|Any CPU
	EndGlobalSection
	GlobalSection(ProjectConfigurationPlatforms) = postSolution
		{A7CF02B2-3041-9FC5-5A97-00E6CD4F13B5}.Debug|Any CPU.ActiveCfg = Debug|Any CPU
		{A7CF02B2-3041-9FC5-5A97-00E6CD4F13B5}.Debug|Any CPU.Build.0 = Debug|Any CPU
		{A7CF02B2-3041-9FC5-5A97-00E6CD4F13B5}.Release|Any CPU.ActiveCfg = Release|Any CPU
		{A7CF02B2-3041-9FC5-5A97-00E6CD4F13B5}.Release|Any CPU.Build.0 = Release|Any CPU
		{2BDCBC49-0BB9-5820-D2CE-85FA334FF9FB}.Debug|Any CPU.ActiveCfg = Debug|Any CPU
		{2BDCBC49-0BB9-5820-D2CE-85FA334FF9FB}.Debug|Any CPU.Build.0 = Debug|Any CPU
		{2BDCBC49-0BB9-5820-D2CE-85FA334FF9FB}.Release|Any CPU.ActiveCfg = Release|Any CPU
		{2BDCBC49-0BB9-5820-D2CE-85FA334FF9FB}.Release|Any CPU.Build.0 = Release|Any CPU
	EndGlobalSection
	GlobalSection(SolutionProperties) = preSolution
		HideSolutionNode = FALSE
	EndGlobalSection
EndGlobal
